
Microsoft Visual Studio Solution File, Format Version 11.00
# Visual C# Express 2010
Project("{FAE04EC0-301F-11D3-BF4B-00C04F79EFBC}") = "IndiegameGardenLauncher", "IndiegameGardenLauncher\IndiegameGardenLauncher\IndiegameGardenLauncher.csproj", "{A9878246-C07B-404C-A736-CE9CB8A1DC7E}"
EndProject
Project("{FAE04EC0-301F-11D3-BF4B-00C04F79EFBC}") = "IndiegameGardenLauncherContent", "IndiegameGardenLauncher\IndiegameGardenLauncherContent\IndiegameGardenLauncherContent.contentproj", "{8EE81FA3-3039-40AB-A82C-427C226A8DCC}"
EndProject
Global
	GlobalSection(SolutionConfigurationPlatforms) = preSolution
		Debug|x86 = Debug|x86
		Release|x86 = Release|x86
	EndGlobalSection
	GlobalSection(ProjectConfigurationPlatforms) = postSolution
		{A9878246-C07B-404C-A736-CE9CB8A1DC7E}.Debug|x86.ActiveCfg = Debug|x86
		{A9878246-C07B-404C-A736-CE9CB8A1DC7E}.Debug|x86.Build.0 = Debug|x86
		{A9878246-C07B-404C-A736-CE9CB8A1DC7E}.Release|x86.ActiveCfg = Release|x86
		{A9878246-C07B-404C-A736-CE9CB8A1DC7E}.Release|x86.Build.0 = Release|x86
		{8EE81FA3-3039-40AB-A82C-427C226A8DCC}.Debug|x86.ActiveCfg = Debug|x86
		{8EE81FA3-3039-40AB-A82C-427C226A8DCC}.Release|x86.ActiveCfg = Release|x86
	EndGlobalSection
	GlobalSection(SolutionProperties) = preSolution
		HideSolutionNode = FALSE
	EndGlobalSection
EndGlobal
