
Microsoft Visual Studio Solution File, Format Version 11.00
# Visual C# Express 2010
Project("{FAE04EC0-301F-11D3-BF4B-00C04F79EFBC}") = "IndiegameGarden", "IndiegameGarden\IndiegameGarden\IndiegameGarden.csproj", "{F325652C-7602-4B74-88ED-02CF2D025261}"
EndProject
Project("{FAE04EC0-301F-11D3-BF4B-00C04F79EFBC}") = "IndiegameGardenContent", "IndiegameGarden\IndiegameGardenContent\IndiegameGardenContent.contentproj", "{1C5413AC-4401-442C-8576-87E9B7B4E0B0}"
EndProject
Project("{FAE04EC0-301F-11D3-BF4B-00C04F79EFBC}") = "TTengine", "..\TTengine\TTengine\TTengine.csproj", "{616035D5-3927-44CD-BD41-2EEE846AC3A3}"
EndProject
Project("{FAE04EC0-301F-11D3-BF4B-00C04F79EFBC}") = "MyDownloader.Core", "IndiegameGarden\MyDownloader\MyDownloader.Core\MyDownloader.Core.csproj", "{E763345E-6696-4C53-8764-47E4ABD67DEF}"
EndProject
Project("{FAE04EC0-301F-11D3-BF4B-00C04F79EFBC}") = "NetServ.Net.Json", "IndiegameGarden\NetServ.Net.Json\NetServ.Net.Json\NetServ.Net.Json.csproj", "{95B7294D-230D-4ADA-9330-FF4EBD154A29}"
EndProject
Project("{FAE04EC0-301F-11D3-BF4B-00C04F79EFBC}") = "TTMusicEngine", "..\TTMusicEngine\TTMusicEngine\TTMusicEngine.csproj", "{CB99D0C9-FD0E-4B90-91BD-7D5816B38A2C}"
EndProject
Project("{FAE04EC0-301F-11D3-BF4B-00C04F79EFBC}") = "GameLibCompiler", "IndiegameGarden\GameLibCompiler\GameLibCompiler.csproj", "{61C8DC00-4F91-48B5-BFDF-5891C755A4C0}"
EndProject
Global
	GlobalSection(SolutionConfigurationPlatforms) = preSolution
		Debug|x86 = Debug|x86
		Release|x86 = Release|x86
	EndGlobalSection
	GlobalSection(ProjectConfigurationPlatforms) = postSolution
		{F325652C-7602-4B74-88ED-02CF2D025261}.Debug|x86.ActiveCfg = Debug|x86
		{F325652C-7602-4B74-88ED-02CF2D025261}.Debug|x86.Build.0 = Debug|x86
		{F325652C-7602-4B74-88ED-02CF2D025261}.Release|x86.ActiveCfg = Release|x86
		{F325652C-7602-4B74-88ED-02CF2D025261}.Release|x86.Build.0 = Release|x86
		{1C5413AC-4401-442C-8576-87E9B7B4E0B0}.Debug|x86.ActiveCfg = Debug|x86
		{1C5413AC-4401-442C-8576-87E9B7B4E0B0}.Release|x86.ActiveCfg = Release|x86
		{616035D5-3927-44CD-BD41-2EEE846AC3A3}.Debug|x86.ActiveCfg = Debug|x86
		{616035D5-3927-44CD-BD41-2EEE846AC3A3}.Debug|x86.Build.0 = Debug|x86
		{616035D5-3927-44CD-BD41-2EEE846AC3A3}.Release|x86.ActiveCfg = Release|x86
		{616035D5-3927-44CD-BD41-2EEE846AC3A3}.Release|x86.Build.0 = Release|x86
		{E763345E-6696-4C53-8764-47E4ABD67DEF}.Debug|x86.ActiveCfg = Debug|x86
		{E763345E-6696-4C53-8764-47E4ABD67DEF}.Debug|x86.Build.0 = Debug|x86
		{E763345E-6696-4C53-8764-47E4ABD67DEF}.Release|x86.ActiveCfg = Release|x86
		{E763345E-6696-4C53-8764-47E4ABD67DEF}.Release|x86.Build.0 = Release|x86
		{95B7294D-230D-4ADA-9330-FF4EBD154A29}.Debug|x86.ActiveCfg = Debug|x86
		{95B7294D-230D-4ADA-9330-FF4EBD154A29}.Debug|x86.Build.0 = Debug|x86
		{95B7294D-230D-4ADA-9330-FF4EBD154A29}.Release|x86.ActiveCfg = Release|x86
		{95B7294D-230D-4ADA-9330-FF4EBD154A29}.Release|x86.Build.0 = Release|x86
		{CB99D0C9-FD0E-4B90-91BD-7D5816B38A2C}.Debug|x86.ActiveCfg = Debug|x86
		{CB99D0C9-FD0E-4B90-91BD-7D5816B38A2C}.Debug|x86.Build.0 = Debug|x86
		{CB99D0C9-FD0E-4B90-91BD-7D5816B38A2C}.Release|x86.ActiveCfg = Release|x86
		{CB99D0C9-FD0E-4B90-91BD-7D5816B38A2C}.Release|x86.Build.0 = Release|x86
		{61C8DC00-4F91-48B5-BFDF-5891C755A4C0}.Debug|x86.ActiveCfg = Debug|x86
		{61C8DC00-4F91-48B5-BFDF-5891C755A4C0}.Debug|x86.Build.0 = Debug|x86
		{61C8DC00-4F91-48B5-BFDF-5891C755A4C0}.Release|x86.ActiveCfg = Release|x86
		{61C8DC00-4F91-48B5-BFDF-5891C755A4C0}.Release|x86.Build.0 = Release|x86
	EndGlobalSection
	GlobalSection(SolutionProperties) = preSolution
		HideSolutionNode = FALSE
	EndGlobalSection
EndGlobal
