
Microsoft Visual Studio Solution File, Format Version 9.00
# Visual Studio 2005
Project("{FAE04EC0-301F-11D3-BF4B-00C04F79EFBC}") = "NetServ.Net.Json", "NetServ.Net.Json.csproj", "{95B7294D-230D-4ADA-9330-FF4EBD154A29}"
EndProject
Global
	GlobalSection(SolutionConfigurationPlatforms) = preSolution
		Debug|Any CPU = Debug|Any CPU
		Release|Any CPU = Release|Any CPU
	EndGlobalSection
	GlobalSection(ProjectConfigurationPlatforms) = postSolution
		{95B7294D-230D-4ADA-9330-FF4EBD154A29}.Debug|Any CPU.ActiveCfg = Debug|Any CPU
		{95B7294D-230D-4ADA-9330-FF4EBD154A29}.Debug|Any CPU.Build.0 = Debug|Any CPU
		{95B7294D-230D-4ADA-9330-FF4EBD154A29}.Release|Any CPU.ActiveCfg = Release|Any CPU
		{95B7294D-230D-4ADA-9330-FF4EBD154A29}.Release|Any CPU.Build.0 = Release|Any CPU
	EndGlobalSection
	GlobalSection(SolutionProperties) = preSolution
		HideSolutionNode = FALSE
	EndGlobalSection
EndGlobal
